
Microsoft Visual Studio Solution File, Format Version 12.00
Project("{FAE04EC0-301F-11D3-BF4B-00C04F79EFBC}") = "backend", "src\backend\backend.csproj", "{58077DD3-B2A6-4034-8F52-3ACF212D5BC8}"
EndProject
Global
	GlobalSection(SolutionConfigurationPlatforms) = preSolution
		Debug|Any CPU = Debug|Any CPU
		Release|Any CPU = Release|Any CPU
	EndGlobalSection
	GlobalSection(ProjectConfigurationPlatforms) = postSolution
		{58077DD3-B2A6-4034-8F52-3ACF212D5BC8}.Debug|Any CPU.ActiveCfg = Debug|Any CPU
		{58077DD3-B2A6-4034-8F52-3ACF212D5BC8}.Debug|Any CPU.Build.0 = Debug|Any CPU
		{58077DD3-B2A6-4034-8F52-3ACF212D5BC8}.Release|Any CPU.ActiveCfg = Release|Any CPU
		{58077DD3-B2A6-4034-8F52-3ACF212D5BC8}.Release|Any CPU.Build.0 = Release|Any CPU
	EndGlobalSection
EndGlobal
